// !$*UTF8*$!
{
	archiveVersion = 1;
	classes = {
	};
	objectVersion = 50;
	objects = {

/* Begin PBXBuildFile section */
		11A15D0B2299B1A000E593FA /* AppDelegate.swift in Sources */ = {isa = PBXBuildFile; fileRef = 11A15D0A2299B1A000E593FA /* AppDelegate.swift */; };
		11A15D0D2299B1A000E593FA /* TrackListViewController.swift in Sources */ = {isa = PBXBuildFile; fileRef = 11A15D0C2299B1A000E593FA /* TrackListViewController.swift */; };
		11A15D102299B1A000E593FA /* Main.storyboard in Resources */ = {isa = PBXBuildFile; fileRef = 11A15D0E2299B1A000E593FA /* Main.storyboard */; };
		11A15D122299B1A100E593FA /* Assets.xcassets in Resources */ = {isa = PBXBuildFile; fileRef = 11A15D112299B1A100E593FA /* Assets.xcassets */; };
		11A15D152299B1A100E593FA /* LaunchScreen.storyboard in Resources */ = {isa = PBXBuildFile; fileRef = 11A15D132299B1A100E593FA /* LaunchScreen.storyboard */; };
		11A15D1D2299BB6A00E593FA /* TrackTableViewCell.swift in Sources */ = {isa = PBXBuildFile; fileRef = 11A15D1C2299BB6A00E593FA /* TrackTableViewCell.swift */; };
		11A15D222299C43D00E593FA /* Tracks.swift in Sources */ = {isa = PBXBuildFile; fileRef = 11A15D212299C43D00E593FA /* Tracks.swift */; };
		11A15D242299C90600E593FA /* TrackDetailsViewController.swift in Sources */ = {isa = PBXBuildFile; fileRef = 11A15D232299C90600E593FA /* TrackDetailsViewController.swift */; };
/* End PBXBuildFile section */

/* Begin PBXFileReference section */
		11A15D072299B1A000E593FA /* phraseapp-demo.app */ = {isa = PBXFileReference; explicitFileType = wrapper.application; includeInIndex = 0; path = "phraseapp-demo.app"; sourceTree = BUILT_PRODUCTS_DIR; };
		11A15D0A2299B1A000E593FA /* AppDelegate.swift */ = {isa = PBXFileReference; lastKnownFileType = sourcecode.swift; path = AppDelegate.swift; sourceTree = "<group>"; };
		11A15D0C2299B1A000E593FA /* TrackListViewController.swift */ = {isa = PBXFileReference; lastKnownFileType = sourcecode.swift; path = TrackListViewController.swift; sourceTree = "<group>"; };
		11A15D0F2299B1A000E593FA /* Base */ = {isa = PBXFileReference; lastKnownFileType = file.storyboard; name = Base; path = Base.lproj/Main.storyboard; sourceTree = "<group>"; };
		11A15D112299B1A100E593FA /* Assets.xcassets */ = {isa = PBXFileReference; lastKnownFileType = folder.assetcatalog; path = Assets.xcassets; sourceTree = "<group>"; };
		11A15D142299B1A100E593FA /* Base */ = {isa = PBXFileReference; lastKnownFileType = file.storyboard; name = Base; path = Base.lproj/LaunchScreen.storyboard; sourceTree = "<group>"; };
		11A15D162299B1A100E593FA /* Info.plist */ = {isa = PBXFileReference; lastKnownFileType = text.plist.xml; path = Info.plist; sourceTree = "<group>"; };
		11A15D1C2299BB6A00E593FA /* TrackTableViewCell.swift */ = {isa = PBXFileReference; lastKnownFileType = sourcecode.swift; path = TrackTableViewCell.swift; sourceTree = "<group>"; };
		11A15D212299C43D00E593FA /* Tracks.swift */ = {isa = PBXFileReference; lastKnownFileType = sourcecode.swift; path = Tracks.swift; sourceTree = "<group>"; };
		11A15D232299C90600E593FA /* TrackDetailsViewController.swift */ = {isa = PBXFileReference; lastKnownFileType = sourcecode.swift; path = TrackDetailsViewController.swift; sourceTree = "<group>"; };
/* End PBXFileReference section */

/* Begin PBXFrameworksBuildPhase section */
		11A15D042299B1A000E593FA /* Frameworks */ = {
			isa = PBXFrameworksBuildPhase;
			buildActionMask = 2147483647;
			files = (
			);
			runOnlyForDeploymentPostprocessing = 0;
		};
/* End PBXFrameworksBuildPhase section */

/* Begin PBXGroup section */
		11A15CFE2299B1A000E593FA = {
			isa = PBXGroup;
			children = (
				11A15D092299B1A000E593FA /* phraseapp-demo */,
				11A15D082299B1A000E593FA /* Products */,
			);
			sourceTree = "<group>";
		};
		11A15D082299B1A000E593FA /* Products */ = {
			isa = PBXGroup;
			children = (
				11A15D072299B1A000E593FA /* phraseapp-demo.app */,
			);
			name = Products;
			sourceTree = "<group>";
		};
		11A15D092299B1A000E593FA /* phraseapp-demo */ = {
			isa = PBXGroup;
			children = (
				11A15D1E2299C3D000E593FA /* Models */,
				11A15D1F2299C3D800E593FA /* Views */,
				11A15D202299C3E100E593FA /* Controllers */,
				11A15D0A2299B1A000E593FA /* AppDelegate.swift */,
				11A15D112299B1A100E593FA /* Assets.xcassets */,
				11A15D162299B1A100E593FA /* Info.plist */,
			);
			path = "phraseapp-demo";
			sourceTree = "<group>";
		};
		11A15D1E2299C3D000E593FA /* Models */ = {
			isa = PBXGroup;
			children = (
				11A15D212299C43D00E593FA /* Tracks.swift */,
			);
			path = Models;
			sourceTree = "<group>";
		};
		11A15D1F2299C3D800E593FA /* Views */ = {
			isa = PBXGroup;
			children = (
				11A15D0E2299B1A000E593FA /* Main.storyboard */,
				11A15D132299B1A100E593FA /* LaunchScreen.storyboard */,
			);
			path = Views;
			sourceTree = "<group>";
		};
		11A15D202299C3E100E593FA /* Controllers */ = {
			isa = PBXGroup;
			children = (
				11A15D0C2299B1A000E593FA /* TrackListViewController.swift */,
				11A15D1C2299BB6A00E593FA /* TrackTableViewCell.swift */,
				11A15D232299C90600E593FA /* TrackDetailsViewController.swift */,
			);
			path = Controllers;
			sourceTree = "<group>";
		};
/* End PBXGroup section */

/* Begin PBXNativeTarget section */
		11A15D062299B1A000E593FA /* phraseapp-demo */ = {
			isa = PBXNativeTarget;
			buildConfigurationList = 11A15D192299B1A100E593FA /* Build configuration list for PBXNativeTarget "phraseapp-demo" */;
			buildPhases = (
				11A15D032299B1A000E593FA /* Sources */,
				11A15D042299B1A000E593FA /* Frameworks */,
				11A15D052299B1A000E593FA /* Resources */,
			);
			buildRules = (
			);
			dependencies = (
			);
			name = "phraseapp-demo";
			productName = "phraseapp-demo";
			productReference = 11A15D072299B1A000E593FA /* phraseapp-demo.app */;
			productType = "com.apple.product-type.application";
		};
/* End PBXNativeTarget section */

/* Begin PBXProject section */
		11A15CFF2299B1A000E593FA /* Project object */ = {
			isa = PBXProject;
			attributes = {
				LastSwiftUpdateCheck = 1020;
				LastUpgradeCheck = 1020;
				ORGANIZATIONNAME = "Mohammad Ashour";
				TargetAttributes = {
					11A15D062299B1A000E593FA = {
						CreatedOnToolsVersion = 10.2.1;
					};
				};
			};
			buildConfigurationList = 11A15D022299B1A000E593FA /* Build configuration list for PBXProject "phraseapp-demo" */;
			compatibilityVersion = "Xcode 9.3";
			developmentRegion = en;
			hasScannedForEncodings = 0;
			knownRegions = (
				en,
				Base,
			);
			mainGroup = 11A15CFE2299B1A000E593FA;
			productRefGroup = 11A15D082299B1A000E593FA /* Products */;
			projectDirPath = "";
			projectRoot = "";
			targets = (
				11A15D062299B1A000E593FA /* phraseapp-demo */,
			);
		};
/* End PBXProject section */

/* Begin PBXResourcesBuildPhase section */
		11A15D052299B1A000E593FA /* Resources */ = {
			isa = PBXResourcesBuildPhase;
			buildActionMask = 2147483647;
			files = (
				11A15D152299B1A100E593FA /* LaunchScreen.storyboard in Resources */,
				11A15D122299B1A100E593FA /* Assets.xcassets in Resources */,
				11A15D102299B1A000E593FA /* Main.storyboard in Resources */,
			);
			runOnlyForDeploymentPostprocessing = 0;
		};
/* End PBXResourcesBuildPhase section */

/* Begin PBXSourcesBuildPhase section */
		11A15D032299B1A000E593FA /* Sources */ = {
			isa = PBXSourcesBuildPhase;
			buildActionMask = 2147483647;
			files = (
				11A15D0D2299B1A000E593FA /* TrackListViewController.swift in Sources */,
				11A15D1D2299BB6A00E593FA /* TrackTableViewCell.swift in Sources */,
				11A15D242299C90600E593FA /* TrackDetailsViewController.swift in Sources */,
				11A15D0B2299B1A000E593FA /* AppDelegate.swift in Sources */,
				11A15D222299C43D00E593FA /* Tracks.swift in Sources */,
			);
			runOnlyForDeploymentPostprocessing = 0;
		};
/* End PBXSourcesBuildPhase section */

/* Begin PBXVariantGroup section */
		11A15D0E2299B1A000E593FA /* Main.storyboard */ = {
			isa = PBXVariantGroup;
			children = (
				11A15D0F2299B1A000E593FA /* Base */,
			);
			name = Main.storyboard;
			sourceTree = "<group>";
		};
		11A15D132299B1A100E593FA /* LaunchScreen.storyboard */ = {
			isa = PBXVariantGroup;
			children = (
				11A15D142299B1A100E593FA /* Base */,
			);
			name = LaunchScreen.storyboard;
			sourceTree = "<group>";
		};
/* End PBXVariantGroup section */

/* Begin XCBuildConfiguration section */
		11A15D172299B1A100E593FA /* Debug */ = {
			isa = XCBuildConfiguration;
			buildSettings = {
				ALWAYS_SEARCH_USER_PATHS = NO;
				CLANG_ANALYZER_NONNULL = YES;
				CLANG_ANALYZER_NUMBER_OBJECT_CONVERSION = YES_AGGRESSIVE;
				CLANG_CXX_LANGUAGE_STANDARD = "gnu++14";
				CLANG_CXX_LIBRARY = "libc++";
				CLANG_ENABLE_MODULES = YES;
				CLANG_ENABLE_OBJC_ARC = YES;
				CLANG_ENABLE_OBJC_WEAK = YES;
				CLANG_WARN_BLOCK_CAPTURE_AUTORELEASING = YES;
				CLANG_WARN_BOOL_CONVERSION = YES;
				CLANG_WARN_COMMA = YES;
				CLANG_WARN_CONSTANT_CONVERSION = YES;
				CLANG_WARN_DEPRECATED_OBJC_IMPLEMENTATIONS = YES;
				CLANG_WARN_DIRECT_OBJC_ISA_USAGE = YES_ERROR;
				CLANG_WARN_DOCUMENTATION_COMMENTS = YES;
				CLANG_WARN_EMPTY_BODY = YES;
				CLANG_WARN_ENUM_CONVERSION = YES;
				CLANG_WARN_INFINITE_RECURSION = YES;
				CLANG_WARN_INT_CONVERSION = YES;
				CLANG_WARN_NON_LITERAL_NULL_CONVERSION = YES;
				CLANG_WARN_OBJC_IMPLICIT_RETAIN_SELF = YES;
				CLANG_WARN_OBJC_LITERAL_CONVERSION = YES;
				CLANG_WARN_OBJC_ROOT_CLASS = YES_ERROR;
				CLANG_WARN_RANGE_LOOP_ANALYSIS = YES;
				CLANG_WARN_STRICT_PROTOTYPES = YES;
				CLANG_WARN_SUSPICIOUS_MOVE = YES;
				CLANG_WARN_UNGUARDED_AVAILABILITY = YES_AGGRESSIVE;
				CLANG_WARN_UNREACHABLE_CODE = YES;
				CLANG_WARN__DUPLICATE_METHOD_MATCH = YES;
				CODE_SIGN_IDENTITY = "iPhone Developer";
				COPY_PHASE_STRIP = NO;
				DEBUG_INFORMATION_FORMAT = dwarf;
				ENABLE_STRICT_OBJC_MSGSEND = YES;
				ENABLE_TESTABILITY = YES;
				GCC_C_LANGUAGE_STANDARD = gnu11;
				GCC_DYNAMIC_NO_PIC = NO;
				GCC_NO_COMMON_BLOCKS = YES;
				GCC_OPTIMIZATION_LEVEL = 0;
				GCC_PREPROCESSOR_DEFINITIONS = (
					"DEBUG=1",
					"$(inherited)",
				);
				GCC_WARN_64_TO_32_BIT_CONVERSION = YES;
				GCC_WARN_ABOUT_RETURN_TYPE = YES_ERROR;
				GCC_WARN_UNDECLARED_SELECTOR = YES;
				GCC_WARN_UNINITIALIZED_AUTOS = YES_AGGRESSIVE;
				GCC_WARN_UNUSED_FUNCTION = YES;
				GCC_WARN_UNUSED_VARIABLE = YES;
				IPHONEOS_DEPLOYMENT_TARGET = 12.2;
				MTL_ENABLE_DEBUG_INFO = INCLUDE_SOURCE;
				MTL_FAST_MATH = YES;
				ONLY_ACTIVE_ARCH = YES;
				SDKROOT = iphoneos;
				SWIFT_ACTIVE_COMPILATION_CONDITIONS = DEBUG;
				SWIFT_OPTIMIZATION_LEVEL = "-Onone";
			};
			name = Debug;
		};
		11A15D182299B1A100E593FA /* Release */ = {
			isa = XCBuildConfiguration;
			buildSettings = {
				ALWAYS_SEARCH_USER_PATHS = NO;
				CLANG_ANALYZER_NONNULL = YES;
				CLANG_ANALYZER_NUMBER_OBJECT_CONVERSION = YES_AGGRESSIVE;
				CLANG_CXX_LANGUAGE_STANDARD = "gnu++14";
				CLANG_CXX_LIBRARY = "libc++";
				CLANG_ENABLE_MODULES = YES;
				CLANG_ENABLE_OBJC_ARC = YES;
				CLANG_ENABLE_OBJC_WEAK = YES;
				CLANG_WARN_BLOCK_CAPTURE_AUTORELEASING = YES;
				CLANG_WARN_BOOL_CONVERSION = YES;
				CLANG_WARN_COMMA = YES;
				CLANG_WARN_CONSTANT_CONVERSION = YES;
				CLANG_WARN_DEPRECATED_OBJC_IMPLEMENTATIONS = YES;
				CLANG_WARN_DIRECT_OBJC_ISA_USAGE = YES_ERROR;
				CLANG_WARN_DOCUMENTATION_COMMENTS = YES;
				CLANG_WARN_EMPTY_BODY = YES;
				CLANG_WARN_ENUM_CONVERSION = YES;
				CLANG_WARN_INFINITE_RECURSION = YES;
				CLANG_WARN_INT_CONVERSION = YES;
				CLANG_WARN_NON_LITERAL_NULL_CONVERSION = YES;
				CLANG_WARN_OBJC_IMPLICIT_RETAIN_SELF = YES;
				CLANG_WARN_OBJC_LITERAL_CONVERSION = YES;
				CLANG_WARN_OBJC_ROOT_CLASS = YES_ERROR;
				CLANG_WARN_RANGE_LOOP_ANALYSIS = YES;
				CLANG_WARN_STRICT_PROTOTYPES = YES;
				CLANG_WARN_SUSPICIOUS_MOVE = YES;
				CLANG_WARN_UNGUARDED_AVAILABILITY = YES_AGGRESSIVE;
				CLANG_WARN_UNREACHABLE_CODE = YES;
				CLANG_WARN__DUPLICATE_METHOD_MATCH = YES;
				CODE_SIGN_IDENTITY = "iPhone Developer";
				COPY_PHASE_STRIP = NO;
				DEBUG_INFORMATION_FORMAT = "dwarf-with-dsym";
				ENABLE_NS_ASSERTIONS = NO;
				ENABLE_STRICT_OBJC_MSGSEND = YES;
				GCC_C_LANGUAGE_STANDARD = gnu11;
				GCC_NO_COMMON_BLOCKS = YES;
				GCC_WARN_64_TO_32_BIT_CONVERSION = YES;
				GCC_WARN_ABOUT_RETURN_TYPE = YES_ERROR;
				GCC_WARN_UNDECLARED_SELECTOR = YES;
				GCC_WARN_UNINITIALIZED_AUTOS = YES_AGGRESSIVE;
				GCC_WARN_UNUSED_FUNCTION = YES;
				GCC_WARN_UNUSED_VARIABLE = YES;
				IPHONEOS_DEPLOYMENT_TARGET = 12.2;
				MTL_ENABLE_DEBUG_INFO = NO;
				MTL_FAST_MATH = YES;
				SDKROOT = iphoneos;
				SWIFT_COMPILATION_MODE = wholemodule;
				SWIFT_OPTIMIZATION_LEVEL = "-O";
				VALIDATE_PRODUCT = YES;
			};
			name = Release;
		};
		11A15D1A2299B1A100E593FA /* Debug */ = {
			isa = XCBuildConfiguration;
			buildSettings = {
				ASSETCATALOG_COMPILER_APPICON_NAME = AppIcon;
				CODE_SIGN_STYLE = Automatic;
				DEVELOPMENT_TEAM = JWAWV36UPT;
				INFOPLIST_FILE = "phraseapp-demo/Info.plist";
				LD_RUNPATH_SEARCH_PATHS = (
					"$(inherited)",
					"@executable_path/Frameworks",
				);
				PRODUCT_BUNDLE_IDENTIFIER = "ca.ashour.phraseapp-demo";
				PRODUCT_NAME = "$(TARGET_NAME)";
				SWIFT_VERSION = 5.0;
				TARGETED_DEVICE_FAMILY = "1,2";
			};
			name = Debug;
		};
		11A15D1B2299B1A100E593FA /* Release */ = {
			isa = XCBuildConfiguration;
			buildSettings = {
				ASSETCATALOG_COMPILER_APPICON_NAME = AppIcon;
				CODE_SIGN_STYLE = Automatic;
				DEVELOPMENT_TEAM = JWAWV36UPT;
				INFOPLIST_FILE = "phraseapp-demo/Info.plist";
				LD_RUNPATH_SEARCH_PATHS = (
					"$(inherited)",
					"@executable_path/Frameworks",
				);
				PRODUCT_BUNDLE_IDENTIFIER = "ca.ashour.phraseapp-demo";
				PRODUCT_NAME = "$(TARGET_NAME)";
				SWIFT_VERSION = 5.0;
				TARGETED_DEVICE_FAMILY = "1,2";
			};
			name = Release;
		};
/* End XCBuildConfiguration section */

/* Begin XCConfigurationList section */
		11A15D022299B1A000E593FA /* Build configuration list for PBXProject "phraseapp-demo" */ = {
			isa = XCConfigurationList;
			buildConfigurations = (
				11A15D172299B1A100E593FA /* Debug */,
				11A15D182299B1A100E593FA /* Release */,
			);
			defaultConfigurationIsVisible = 0;
			defaultConfigurationName = Release;
		};
		11A15D192299B1A100E593FA /* Build configuration list for PBXNativeTarget "phraseapp-demo" */ = {
			isa = XCConfigurationList;
			buildConfigurations = (
				11A15D1A2299B1A100E593FA /* Debug */,
				11A15D1B2299B1A100E593FA /* Release */,
			);
			defaultConfigurationIsVisible = 0;
			defaultConfigurationName = Release;
		};
/* End XCConfigurationList section */
	};
	rootObject = 11A15CFF2299B1A000E593FA /* Project object */;
}
